
Microsoft Visual Studio Solution File, Format Version 12.00
# Visual Studio Version 16
VisualStudioVersion = 16.0.29926.136
MinimumVisualStudioVersion = 10.0.40219.1
Project("{FAE04EC0-301F-11D3-BF4B-00C04F79EFBC}") = "BlogView", "BlogView\BlogView.csproj", "{CCE987AD-9F96-41C0-94C5-BF7B10F9A66A}"
EndProject
Global
	GlobalSection(SolutionConfigurationPlatforms) = preSolution
		Debug|Any CPU = Debug|Any CPU
		Release|Any CPU = Release|Any CPU
	EndGlobalSection
	GlobalSection(ProjectConfigurationPlatforms) = postSolution
		{CCE987AD-9F96-41C0-94C5-BF7B10F9A66A}.Debug|Any CPU.ActiveCfg = Debug|Any CPU
		{CCE987AD-9F96-41C0-94C5-BF7B10F9A66A}.Debug|Any CPU.Build.0 = Debug|Any CPU
		{CCE987AD-9F96-41C0-94C5-BF7B10F9A66A}.Release|Any CPU.ActiveCfg = Release|Any CPU
		{CCE987AD-9F96-41C0-94C5-BF7B10F9A66A}.Release|Any CPU.Build.0 = Release|Any CPU
	EndGlobalSection
	GlobalSection(SolutionProperties) = preSolution
		HideSolutionNode = FALSE
	EndGlobalSection
	GlobalSection(ExtensibilityGlobals) = postSolution
		SolutionGuid = {91389DB8-1555-4A54-B9A4-CBD215DABC12}
	EndGlobalSection
EndGlobal
